
Microsoft Visual Studio Solution File, Format Version 12.00
# Visual Studio Version 17
VisualStudioVersion = 17.5.33530.505
MinimumVisualStudioVersion = 10.0.40219.1
Project("{FAE04EC0-301F-11D3-BF4B-00C04F79EFBC}") = "Quavidog", "Quavidog\Quavidog.csproj", "{8BDAA234-21A8-49B6-8CAC-49CDD7B292F5}"
EndProject
Project("{FAE04EC0-301F-11D3-BF4B-00C04F79EFBC}") = "Generics", "Generics\Generics.csproj", "{5ADB7593-FE06-40E6-BE21-6044E7FEF5AD}"
EndProject
Project("{FAE04EC0-301F-11D3-BF4B-00C04F79EFBC}") = "Commons", "Commons\Commons.csproj", "{6EE62BD7-3D47-403D-9138-3A6B50962CC3}"
EndProject
Global
	GlobalSection(SolutionConfigurationPlatforms) = preSolution
		Debug|Any CPU = Debug|Any CPU
		Release|Any CPU = Release|Any CPU
	EndGlobalSection
	GlobalSection(ProjectConfigurationPlatforms) = postSolution
		{8BDAA234-21A8-49B6-8CAC-49CDD7B292F5}.Debug|Any CPU.ActiveCfg = Debug|Any CPU
		{8BDAA234-21A8-49B6-8CAC-49CDD7B292F5}.Debug|Any CPU.Build.0 = Debug|Any CPU
		{8BDAA234-21A8-49B6-8CAC-49CDD7B292F5}.Release|Any CPU.ActiveCfg = Release|Any CPU
		{8BDAA234-21A8-49B6-8CAC-49CDD7B292F5}.Release|Any CPU.Build.0 = Release|Any CPU
		{5ADB7593-FE06-40E6-BE21-6044E7FEF5AD}.Debug|Any CPU.ActiveCfg = Debug|Any CPU
		{5ADB7593-FE06-40E6-BE21-6044E7FEF5AD}.Debug|Any CPU.Build.0 = Debug|Any CPU
		{5ADB7593-FE06-40E6-BE21-6044E7FEF5AD}.Release|Any CPU.ActiveCfg = Release|Any CPU
		{5ADB7593-FE06-40E6-BE21-6044E7FEF5AD}.Release|Any CPU.Build.0 = Release|Any CPU
		{6EE62BD7-3D47-403D-9138-3A6B50962CC3}.Debug|Any CPU.ActiveCfg = Debug|Any CPU
		{6EE62BD7-3D47-403D-9138-3A6B50962CC3}.Debug|Any CPU.Build.0 = Debug|Any CPU
		{6EE62BD7-3D47-403D-9138-3A6B50962CC3}.Release|Any CPU.ActiveCfg = Release|Any CPU
		{6EE62BD7-3D47-403D-9138-3A6B50962CC3}.Release|Any CPU.Build.0 = Release|Any CPU
	EndGlobalSection
	GlobalSection(SolutionProperties) = preSolution
		HideSolutionNode = FALSE
	EndGlobalSection
	GlobalSection(ExtensibilityGlobals) = postSolution
		SolutionGuid = {6A1267CD-4D4D-4498-8B2C-A463230CE879}
	EndGlobalSection
EndGlobal
